{
  "name": "Ads Reporting Software",
  "lockfileVersion": 3,
  "requires": true,
  "packages": {
    "": {
      "dependencies": {
        "@syncfusion/ej2-react-buttons": "^31.1.17",
        "@syncfusion/ej2-react-dropdowns": "^31.1.17",
        "@syncfusion/ej2-react-grids": "^31.1.17",
        "@syncfusion/ej2-react-inputs": "^31.1.17",
        "@syncfusion/ej2-react-popups": "^31.1.17",
        "chart.js": "^4.5.0"
      }
    },
    "node_modules/@kurkle/color": {
      "version": "0.3.4",
      "resolved": "https://registry.npmjs.org/@kurkle/color/-/color-0.3.4.tgz",
      "integrity": "sha512-M5UknZPHRu3DEDWoipU6sE8PdkZ6Z/S+v4dD+Ke8IaNlpdSQah50lz1KtcFBa2vsdOnwbbnxJwVM4wty6udA5w==",
      "license": "MIT"
    },
    "node_modules/@syncfusion/ej2-base": {
      "version": "31.1.17",
      "resolved": "https://registry.npmjs.org/@syncfusion/ej2-base/-/ej2-base-31.1.17.tgz",
      "integrity": "sha512-Jl2Ls77kMfX13VwrAEow/kdDrefX3gh76Uwh943NUtEuChOXzvoe+CHecxJ+49VFRCrLYhB4Hj/7R9UOh65VCg==",
      "license": "SEE LICENSE IN license",
      "dependencies": {
        "@syncfusion/ej2-icons": "~31.1.17"
      },
      "bin": {
        "syncfusion-license": "bin/syncfusion-license.js"
      }
    },
    "node_modules/@syncfusion/ej2-buttons": {
      "version": "31.1.17",
      "resolved": "https://registry.npmjs.org/@syncfusion/ej2-buttons/-/ej2-buttons-31.1.17.tgz",
      "integrity": "sha512-unX92EnCLtRbczrCRsqGC1/tPgkHYlnQQFCv+c11wptp7KzZF+V5se7Rc+yEFs8d0OLyrT1qk0MAYJUOKezYZw==",
      "license": "SEE LICENSE IN license",
      "dependencies": {
        "@syncfusion/ej2-base": "~31.1.17"
      }
    },
    "node_modules/@syncfusion/ej2-calendars": {
      "version": "31.1.17",
      "resolved": "https://registry.npmjs.org/@syncfusion/ej2-calendars/-/ej2-calendars-31.1.17.tgz",
      "integrity": "sha512-NQJAblGjISQWI77MTkDOfHIWknINV37qz6r+NQstgancN+ZqvUsAFdeLHV5jFf+W9jYnxY3319cJB/J77mOTew==",
      "license": "SEE LICENSE IN license",
      "dependencies": {
        "@syncfusion/ej2-base": "~31.1.17",
        "@syncfusion/ej2-buttons": "~31.1.17",
        "@syncfusion/ej2-inputs": "~31.1.17",
        "@syncfusion/ej2-lists": "~31.1.17",
        "@syncfusion/ej2-popups": "~31.1.17"
      }
    },
    "node_modules/@syncfusion/ej2-compression": {
      "version": "31.1.17",
      "resolved": "https://registry.npmjs.org/@syncfusion/ej2-compression/-/ej2-compression-31.1.17.tgz",
      "integrity": "sha512-Gl+IDD9GEiTc/lIsMPNGVNDqQojL7q2qehVuFGjaXxE9xKzOiU805+uuhmbJg3kldHFNsdAMDJeKPy4ubwf8bg==",
      "license": "SEE LICENSE IN license",
      "dependencies": {
        "@syncfusion/ej2-file-utils": "~31.1.17"
      }
    },
    "node_modules/@syncfusion/ej2-data": {
      "version": "31.1.17",
      "resolved": "https://registry.npmjs.org/@syncfusion/ej2-data/-/ej2-data-31.1.17.tgz",
      "integrity": "sha512-jytTgUnRqGoXfzOcvRJ0p+KAPFOD53He3+y3AX8zrej/oPcMtt5iHNc44AvJ7XhpYUHLVvcSFYTd0395q/VPLA==",
      "license": "SEE LICENSE IN license",
      "dependencies": {
        "@syncfusion/ej2-base": "~31.1.17"
      }
    },
    "node_modules/@syncfusion/ej2-dropdowns": {
      "version": "31.1.17",
      "resolved": "https://registry.npmjs.org/@syncfusion/ej2-dropdowns/-/ej2-dropdowns-31.1.17.tgz",
      "integrity": "sha512-L0JZRWyPIXEGTFpCc5JKgEswdDU1/NGoqfyaixb+NqzmsLujSmU67YAYC4iMj+cU2zQwLZ/88vJO+6s9NGDuew==",
      "license": "SEE LICENSE IN license",
      "dependencies": {
        "@syncfusion/ej2-base": "~31.1.17",
        "@syncfusion/ej2-data": "~31.1.17",
        "@syncfusion/ej2-inputs": "~31.1.17",
        "@syncfusion/ej2-lists": "~31.1.17",
        "@syncfusion/ej2-navigations": "~31.1.17",
        "@syncfusion/ej2-notifications": "~31.1.17",
        "@syncfusion/ej2-popups": "~31.1.17"
      }
    },
    "node_modules/@syncfusion/ej2-excel-export": {
      "version": "31.1.17",
      "resolved": "https://registry.npmjs.org/@syncfusion/ej2-excel-export/-/ej2-excel-export-31.1.17.tgz",
      "integrity": "sha512-m6GyoLkp1miq/GDYTr471x2+2ZKHKfGvXRcAK2d9xNOG+kBKFxhbt8AkZxbnhFZXeaAfpKkv5kZ0uCpbsPPwgw==",
      "license": "SEE LICENSE IN license",
      "dependencies": {
        "@syncfusion/ej2-base": "~31.1.17",
        "@syncfusion/ej2-compression": "~31.1.17"
      }
    },
    "node_modules/@syncfusion/ej2-file-utils": {
      "version": "31.1.17",
      "resolved": "https://registry.npmjs.org/@syncfusion/ej2-file-utils/-/ej2-file-utils-31.1.17.tgz",
      "integrity": "sha512-CzCB3KSIKRJo9VG7uP5pqPyH8shR0pBM2UDRP9BH2Gvl8YjLmV6QoPWa5aMCkFX0t0BHn1rlfh9sk+rq6LmD8Q==",
      "license": "SEE LICENSE IN license"
    },
    "node_modules/@syncfusion/ej2-grids": {
      "version": "31.1.17",
      "resolved": "https://registry.npmjs.org/@syncfusion/ej2-grids/-/ej2-grids-31.1.17.tgz",
      "integrity": "sha512-oKo51fPHw8VHZ/sjbLNjWoYSGOVqlOO9S1lP9hFn2ZxwiODG5jWQ5yVkUVWUtUlS+J7UORBn7rk8WY0wMFwzTg==",
      "license": "SEE LICENSE IN license",
      "dependencies": {
        "@syncfusion/ej2-base": "~31.1.17",
        "@syncfusion/ej2-buttons": "~31.1.17",
        "@syncfusion/ej2-calendars": "~31.1.17",
        "@syncfusion/ej2-compression": "~31.1.17",
        "@syncfusion/ej2-data": "~31.1.17",
        "@syncfusion/ej2-dropdowns": "~31.1.17",
        "@syncfusion/ej2-excel-export": "~31.1.17",
        "@syncfusion/ej2-file-utils": "~31.1.17",
        "@syncfusion/ej2-inputs": "~31.1.17",
        "@syncfusion/ej2-lists": "~31.1.17",
        "@syncfusion/ej2-navigations": "~31.1.17",
        "@syncfusion/ej2-notifications": "~31.1.17",
        "@syncfusion/ej2-pdf-export": "~31.1.17",
        "@syncfusion/ej2-popups": "~31.1.17",
        "@syncfusion/ej2-splitbuttons": "~31.1.17"
      }
    },
    "node_modules/@syncfusion/ej2-icons": {
      "version": "31.1.17",
      "resolved": "https://registry.npmjs.org/@syncfusion/ej2-icons/-/ej2-icons-31.1.17.tgz",
      "integrity": "sha512-5IkOJyoUL7MoOjRE+hf2jC/dCjS+Q1Z34oz49mSvK1vKc2kcYR5Wa7o49uwjAgmJUSZK8O2cGE0M3HHSBFIKSw==",
      "license": "SEE LICENSE IN license"
    },
    "node_modules/@syncfusion/ej2-inputs": {
      "version": "31.1.17",
      "resolved": "https://registry.npmjs.org/@syncfusion/ej2-inputs/-/ej2-inputs-31.1.17.tgz",
      "integrity": "sha512-qlCnlu7eA5ECLEH5egHAjnhpLRBu/PsxFYNJntpsQHFFfQi2hPtlbZrLZVidy2FBgG+Q1EATOpgTy3mMiQ94Jw==",
      "license": "SEE LICENSE IN license",
      "dependencies": {
        "@syncfusion/ej2-base": "~31.1.17",
        "@syncfusion/ej2-buttons": "~31.1.17",
        "@syncfusion/ej2-popups": "~31.1.17",
        "@syncfusion/ej2-splitbuttons": "~31.1.17"
      }
    },
    "node_modules/@syncfusion/ej2-lists": {
      "version": "31.1.17",
      "resolved": "https://registry.npmjs.org/@syncfusion/ej2-lists/-/ej2-lists-31.1.17.tgz",
      "integrity": "sha512-EyU/yUflRQ2hsGvOiguCdqdAeyUmojwllVgnx89MZyJ4zuCSU+OhbETJZ7BB2+8uhleq1cJ3wTY2PtHpBrPErw==",
      "license": "SEE LICENSE IN license",
      "dependencies": {
        "@syncfusion/ej2-base": "~31.1.17",
        "@syncfusion/ej2-buttons": "~31.1.17",
        "@syncfusion/ej2-data": "~31.1.17",
        "@syncfusion/ej2-popups": "~31.1.17"
      }
    },
    "node_modules/@syncfusion/ej2-navigations": {
      "version": "31.1.17",
      "resolved": "https://registry.npmjs.org/@syncfusion/ej2-navigations/-/ej2-navigations-31.1.17.tgz",
      "integrity": "sha512-yxQRJ8Gq2w1u8aoTd21CYNkfjxTdCvnCdGuDwO88BsK9YKbrZ+b+HJzB5X0IVSPMC4mh9kO4RN8cQOFiBhAJyA==",
      "license": "SEE LICENSE IN license",
      "dependencies": {
        "@syncfusion/ej2-base": "~31.1.17",
        "@syncfusion/ej2-buttons": "~31.1.17",
        "@syncfusion/ej2-data": "~31.1.17",
        "@syncfusion/ej2-inputs": "~31.1.17",
        "@syncfusion/ej2-lists": "~31.1.17",
        "@syncfusion/ej2-popups": "~31.1.17"
      }
    },
    "node_modules/@syncfusion/ej2-notifications": {
      "version": "31.1.17",
      "resolved": "https://registry.npmjs.org/@syncfusion/ej2-notifications/-/ej2-notifications-31.1.17.tgz",
      "integrity": "sha512-1D3qVwrwXq6Umwz/SRTMqY0eBLvh57uswk+8CYVirPMVef9CK/pC70KOoVFoy3xkBg6iFaxud4bZwVDCCRMHHQ==",
      "license": "SEE LICENSE IN license",
      "dependencies": {
        "@syncfusion/ej2-base": "~31.1.17",
        "@syncfusion/ej2-buttons": "~31.1.17",
        "@syncfusion/ej2-popups": "~31.1.17"
      }
    },
    "node_modules/@syncfusion/ej2-pdf-export": {
      "version": "31.1.17",
      "resolved": "https://registry.npmjs.org/@syncfusion/ej2-pdf-export/-/ej2-pdf-export-31.1.17.tgz",
      "integrity": "sha512-GbUMp2e8NpiZ/FwjDhPrUcXwPcXI5N8m2eENnqQYV7WRJCnHjjd9IEVTpZJeGRZNVcMPcauMng0Vxz2La7FBlA==",
      "license": "SEE LICENSE IN license",
      "dependencies": {
        "@syncfusion/ej2-compression": "~31.1.17"
      }
    },
    "node_modules/@syncfusion/ej2-popups": {
      "version": "31.1.17",
      "resolved": "https://registry.npmjs.org/@syncfusion/ej2-popups/-/ej2-popups-31.1.17.tgz",
      "integrity": "sha512-JnFn2aoKSC7CY8z4iTm+00gFXs9Helzkk860q52ykZxrI7/H2euVNabHZ7BOYYgYBQbOnWjfIvESQdtT2IVKgA==",
      "license": "SEE LICENSE IN license",
      "dependencies": {
        "@syncfusion/ej2-base": "~31.1.17",
        "@syncfusion/ej2-buttons": "~31.1.17"
      }
    },
    "node_modules/@syncfusion/ej2-react-base": {
      "version": "31.1.17",
      "resolved": "https://registry.npmjs.org/@syncfusion/ej2-react-base/-/ej2-react-base-31.1.17.tgz",
      "integrity": "sha512-PvR2kvfMEjRE2kOcBSboMMEVkLNsDs9VV5tSfXzYR4aQ5gOvbQcVRQljxjj6lTTG7z3P5OAP6HxYJ0BMLe+E4g==",
      "license": "SEE LICENSE IN license",
      "dependencies": {
        "@syncfusion/ej2-base": "~31.1.17"
      }
    },
    "node_modules/@syncfusion/ej2-react-buttons": {
      "version": "31.1.17",
      "resolved": "https://registry.npmjs.org/@syncfusion/ej2-react-buttons/-/ej2-react-buttons-31.1.17.tgz",
      "integrity": "sha512-Ld/5GX7TafOJVx3ksNtENQCqOHfG/BYuRdL1r3UpyqfQbJhvrepp8oYEfKYyWptkRxAPvel3Vy8t+j+yfzyxAg==",
      "license": "SEE LICENSE IN license",
      "dependencies": {
        "@syncfusion/ej2-base": "~31.1.17",
        "@syncfusion/ej2-buttons": "31.1.17",
        "@syncfusion/ej2-react-base": "~31.1.17"
      }
    },
    "node_modules/@syncfusion/ej2-react-dropdowns": {
      "version": "31.1.17",
      "resolved": "https://registry.npmjs.org/@syncfusion/ej2-react-dropdowns/-/ej2-react-dropdowns-31.1.17.tgz",
      "integrity": "sha512-LWZ6YY8BBJnBIEYv0507sXS8t2EUNnwH5E8uvNvG0Vtqjb862NBjkaJ0e2iskG7sYz8Dbr8zmBX69WUJzj8REw==",
      "license": "SEE LICENSE IN license",
      "dependencies": {
        "@syncfusion/ej2-base": "~31.1.17",
        "@syncfusion/ej2-dropdowns": "31.1.17",
        "@syncfusion/ej2-react-base": "~31.1.17"
      }
    },
    "node_modules/@syncfusion/ej2-react-grids": {
      "version": "31.1.17",
      "resolved": "https://registry.npmjs.org/@syncfusion/ej2-react-grids/-/ej2-react-grids-31.1.17.tgz",
      "integrity": "sha512-Lpc7Cj7n7c+6Axj5aw9DCwpS/3VTTK0JDzSbQ1iYWekjQTcSxmBSiQKSCA0SvifzmzehMTbg8o0zHNGu+LW5Zg==",
      "license": "SEE LICENSE IN license",
      "dependencies": {
        "@syncfusion/ej2-base": "~31.1.17",
        "@syncfusion/ej2-grids": "31.1.17",
        "@syncfusion/ej2-react-base": "~31.1.17"
      }
    },
    "node_modules/@syncfusion/ej2-react-inputs": {
      "version": "31.1.17",
      "resolved": "https://registry.npmjs.org/@syncfusion/ej2-react-inputs/-/ej2-react-inputs-31.1.17.tgz",
      "integrity": "sha512-efliqzzc/HnWNdGVLY1QjxDmCiaY1LYsT++FTD2nmnAiqUJNej3wi0jTOcLuFYZPo4HtF9N5ZoZBD+dMegRiIg==",
      "license": "SEE LICENSE IN license",
      "dependencies": {
        "@syncfusion/ej2-base": "~31.1.17",
        "@syncfusion/ej2-inputs": "31.1.17",
        "@syncfusion/ej2-react-base": "~31.1.17"
      }
    },
    "node_modules/@syncfusion/ej2-react-popups": {
      "version": "31.1.17",
      "resolved": "https://registry.npmjs.org/@syncfusion/ej2-react-popups/-/ej2-react-popups-31.1.17.tgz",
      "integrity": "sha512-c/iTDYy/t1r0w101eg26CyfnMMHjgU9gY6K6plVuMTnbIk+FzpRlU03U3VRmQFS6rTwO50fydl3jG+2O561gaA==",
      "license": "SEE LICENSE IN license",
      "dependencies": {
        "@syncfusion/ej2-base": "~31.1.17",
        "@syncfusion/ej2-popups": "31.1.17",
        "@syncfusion/ej2-react-base": "~31.1.17"
      }
    },
    "node_modules/@syncfusion/ej2-splitbuttons": {
      "version": "31.1.17",
      "resolved": "https://registry.npmjs.org/@syncfusion/ej2-splitbuttons/-/ej2-splitbuttons-31.1.17.tgz",
      "integrity": "sha512-8XA9t2wVtSonGnpblqS3FgEoS8sYy6GOh3p99gDKyPI55UYwUcvuHsBaTA/+w4tGwZ5wiNQMKXWaanHXIGvovw==",
      "license": "SEE LICENSE IN license",
      "dependencies": {
        "@syncfusion/ej2-base": "~31.1.17",
        "@syncfusion/ej2-popups": "~31.1.17"
      }
    },
    "node_modules/chart.js": {
      "version": "4.5.0",
      "resolved": "https://registry.npmjs.org/chart.js/-/chart.js-4.5.0.tgz",
      "integrity": "sha512-aYeC/jDgSEx8SHWZvANYMioYMZ2KX02W6f6uVfyteuCGcadDLcYVHdfdygsTQkQ4TKn5lghoojAsPj5pu0SnvQ==",
      "license": "MIT",
      "dependencies": {
        "@kurkle/color": "^0.3.0"
      },
      "engines": {
        "pnpm": ">=8"
      }
    }
  }
}
